
Microsoft Visual Studio Solution File, Format Version 12.00
# Visual Studio Version 17
VisualStudioVersion = 17.4.33122.133
MinimumVisualStudioVersion = 10.0.40219.1
Project("{FAE04EC0-301F-11D3-BF4B-00C04F79EFBC}") = "Bucles", "Bucles.csproj", "{2615B2B0-BF23-4101-9417-150334A6AC00}"
EndProject
Global
	GlobalSection(SolutionConfigurationPlatforms) = preSolution
		Debug|Any CPU = Debug|Any CPU
		Release|Any CPU = Release|Any CPU
	EndGlobalSection
	GlobalSection(ProjectConfigurationPlatforms) = postSolution
		{2615B2B0-BF23-4101-9417-150334A6AC00}.Debug|Any CPU.ActiveCfg = Debug|Any CPU
		{2615B2B0-BF23-4101-9417-150334A6AC00}.Debug|Any CPU.Build.0 = Debug|Any CPU
		{2615B2B0-BF23-4101-9417-150334A6AC00}.Release|Any CPU.ActiveCfg = Release|Any CPU
		{2615B2B0-BF23-4101-9417-150334A6AC00}.Release|Any CPU.Build.0 = Release|Any CPU
	EndGlobalSection
	GlobalSection(SolutionProperties) = preSolution
		HideSolutionNode = FALSE
	EndGlobalSection
	GlobalSection(ExtensibilityGlobals) = postSolution
		SolutionGuid = {2C892F0B-6F39-42D3-B112-A3CE619330FB}
	EndGlobalSection
EndGlobal
